// !$*UTF8*$!
{
	archiveVersion = 1;
	classes = {
	};
	objectVersion = 56;
	objects = {

/* Begin PBXBuildFile section */
		1E484FBE2B608B42008360A2 /* DietaryNeedFilter.swift in Sources */ = {isa = PBXBuildFile; fileRef = 1E484FBD2B608B42008360A2 /* DietaryNeedFilter.swift */; };
		1E484FC02B608D4C008360A2 /* ToggleListItem.swift in Sources */ = {isa = PBXBuildFile; fileRef = 1E484FBF2B608D4C008360A2 /* ToggleListItem.swift */; };
		1E484FC22B616EF3008360A2 /* CuisineFilter.swift in Sources */ = {isa = PBXBuildFile; fileRef = 1E484FC12B616EF3008360A2 /* CuisineFilter.swift */; };
		1E484FC52B65C2E4008360A2 /* FoodProfileView.swift in Sources */ = {isa = PBXBuildFile; fileRef = 1E484FC42B65C2E4008360A2 /* FoodProfileView.swift */; };
		1E484FC72B65C592008360A2 /* FoodProfileOption.swift in Sources */ = {isa = PBXBuildFile; fileRef = 1E484FC62B65C592008360A2 /* FoodProfileOption.swift */; };
		1E484FC92B65C654008360A2 /* IntolerancesFilter.swift in Sources */ = {isa = PBXBuildFile; fileRef = 1E484FC82B65C654008360A2 /* IntolerancesFilter.swift */; };
		1E484FCB2B65C9DF008360A2 /* ProfileOption.swift in Sources */ = {isa = PBXBuildFile; fileRef = 1E484FCA2B65C9DF008360A2 /* ProfileOption.swift */; };
		1E484FCF2B65CBCC008360A2 /* SavedRecipesView.swift in Sources */ = {isa = PBXBuildFile; fileRef = 1E484FCE2B65CBCC008360A2 /* SavedRecipesView.swift */; };
		1E484FD22B65CC8C008360A2 /* ResourcesView.swift in Sources */ = {isa = PBXBuildFile; fileRef = 1E484FD12B65CC8C008360A2 /* ResourcesView.swift */; };
		1E484FD42B66B860008360A2 /* PreferencesView.swift in Sources */ = {isa = PBXBuildFile; fileRef = 1E484FD32B66B860008360A2 /* PreferencesView.swift */; };
		1E484FD72B66BD10008360A2 /* ResourceOptionView.swift in Sources */ = {isa = PBXBuildFile; fileRef = 1E484FD62B66BD10008360A2 /* ResourceOptionView.swift */; };
		1E484FDE2B697536008360A2 /* PreferencesFunctions.swift in Sources */ = {isa = PBXBuildFile; fileRef = 1E484FDD2B697536008360A2 /* PreferencesFunctions.swift */; };
		1E6DF6282B6DBED500C5D74B /* NavigationStackViewModifier.swift in Sources */ = {isa = PBXBuildFile; fileRef = 1E6DF6272B6DBED500C5D74B /* NavigationStackViewModifier.swift */; };
		1E6DF62D2B6DE9DD00C5D74B /* GuideTemplate.swift in Sources */ = {isa = PBXBuildFile; fileRef = 1E6DF62C2B6DE9DD00C5D74B /* GuideTemplate.swift */; };
		1E6DF6302B6DF41F00C5D74B /* ArticleInformation.swift in Sources */ = {isa = PBXBuildFile; fileRef = 1E6DF62F2B6DF41F00C5D74B /* ArticleInformation.swift */; };
		1EB43ADC2B6D545E005D0886 /* LargeRecipeDisplay.swift in Sources */ = {isa = PBXBuildFile; fileRef = 1EB43ADB2B6D545E005D0886 /* LargeRecipeDisplay.swift */; };
		1EB43AE02B6D6C1B005D0886 /* RecipeDisplayModel.swift in Sources */ = {isa = PBXBuildFile; fileRef = 1EB43ADF2B6D6C1B005D0886 /* RecipeDisplayModel.swift */; };
		1EB43AE22B6D6C4E005D0886 /* RecipeDisplayViewModel.swift in Sources */ = {isa = PBXBuildFile; fileRef = 1EB43AE12B6D6C4E005D0886 /* RecipeDisplayViewModel.swift */; };
		6B1811232B3240EB00D81FAB /* homeMealSection.swift in Sources */ = {isa = PBXBuildFile; fileRef = 6B1811222B3240EB00D81FAB /* homeMealSection.swift */; };
		6B5F76052AF83FB80082CC4E /* Noto in Resources */ = {isa = PBXBuildFile; fileRef = 6B5F76042AF83FB70082CC4E /* Noto */; };
		6B5F76082AF842A60082CC4E /* Logo.swift in Sources */ = {isa = PBXBuildFile; fileRef = 6B5F76072AF842A60082CC4E /* Logo.swift */; };
		6B5F760A2AF84D6C0082CC4E /* ButtonViewModifiers.swift in Sources */ = {isa = PBXBuildFile; fileRef = 6B5F76092AF84D6C0082CC4E /* ButtonViewModifiers.swift */; };
		6B5F760C2AF9AEFF0082CC4E /* TextInputModifier.swift in Sources */ = {isa = PBXBuildFile; fileRef = 6B5F760B2AF9AEFF0082CC4E /* TextInputModifier.swift */; };
		6B5F76292B1925730082CC4E /* HomeView.swift in Sources */ = {isa = PBXBuildFile; fileRef = 6B5F76282B1925730082CC4E /* HomeView.swift */; };
		6B5F762B2B19257D0082CC4E /* HomeViewModel.swift in Sources */ = {isa = PBXBuildFile; fileRef = 6B5F762A2B19257D0082CC4E /* HomeViewModel.swift */; };
		6B5F762D2B1928DA0082CC4E /* Headers.swift in Sources */ = {isa = PBXBuildFile; fileRef = 6B5F762C2B1928DA0082CC4E /* Headers.swift */; };
		6B5F76302B1929420082CC4E /* dateBubble.swift in Sources */ = {isa = PBXBuildFile; fileRef = 6B5F762F2B1929420082CC4E /* dateBubble.swift */; };
		6B737B072B5A2DFB00468581 /* WaterfallGrid in Frameworks */ = {isa = PBXBuildFile; productRef = 6B737B062B5A2DFB00468581 /* WaterfallGrid */; };
		6B7388142A2FC66E00EBCE7B /* Food_HomeApp.swift in Sources */ = {isa = PBXBuildFile; fileRef = 6B7388132A2FC66E00EBCE7B /* Food_HomeApp.swift */; };
		6B7388182A2FC66F00EBCE7B /* Assets.xcassets in Resources */ = {isa = PBXBuildFile; fileRef = 6B7388172A2FC66F00EBCE7B /* Assets.xcassets */; };
		6B73881C2A2FC66F00EBCE7B /* Preview Assets.xcassets in Resources */ = {isa = PBXBuildFile; fileRef = 6B73881B2A2FC66F00EBCE7B /* Preview Assets.xcassets */; };
		6B7388262A2FC66F00EBCE7B /* Food_HomeTests.swift in Sources */ = {isa = PBXBuildFile; fileRef = 6B7388252A2FC66F00EBCE7B /* Food_HomeTests.swift */; };
		6B7388302A2FC66F00EBCE7B /* Food_HomeUITests.swift in Sources */ = {isa = PBXBuildFile; fileRef = 6B73882F2A2FC66F00EBCE7B /* Food_HomeUITests.swift */; };
		6B7388322A2FC66F00EBCE7B /* Food_HomeUITestsLaunchTests.swift in Sources */ = {isa = PBXBuildFile; fileRef = 6B7388312A2FC66F00EBCE7B /* Food_HomeUITestsLaunchTests.swift */; };
		6B7388402A2FD63F00EBCE7B /* Font.swift in Sources */ = {isa = PBXBuildFile; fileRef = 6B73883F2A2FD63E00EBCE7B /* Font.swift */; };
		6B7388472A2FDE6300EBCE7B /* View.swift in Sources */ = {isa = PBXBuildFile; fileRef = 6B7388462A2FDE6300EBCE7B /* View.swift */; };
		6B7388492A2FE29500EBCE7B /* UIScreen.swift in Sources */ = {isa = PBXBuildFile; fileRef = 6B7388482A2FE29500EBCE7B /* UIScreen.swift */; };
		6B7388522A30F66C00EBCE7B /* Constants.swift in Sources */ = {isa = PBXBuildFile; fileRef = 6B7388512A30F66C00EBCE7B /* Constants.swift */; };
		6B7388542A30F6A600EBCE7B /* Color.swift in Sources */ = {isa = PBXBuildFile; fileRef = 6B7388532A30F6A600EBCE7B /* Color.swift */; };
		6B75CE3B2B1A995B00323037 /* SmallRecipeDisplay.swift in Sources */ = {isa = PBXBuildFile; fileRef = 6B75CE3A2B1A995B00323037 /* SmallRecipeDisplay.swift */; };
		6B75CE3E2B1ACE1E00323037 /* MealScheduler.swift in Sources */ = {isa = PBXBuildFile; fileRef = 6B75CE3D2B1ACE1E00323037 /* MealScheduler.swift */; };
		6B75CE402B1AD47D00323037 /* SeparatorLine.swift in Sources */ = {isa = PBXBuildFile; fileRef = 6B75CE3F2B1AD47D00323037 /* SeparatorLine.swift */; };
		6B75CE462B20F5E100323037 /* TimeSelector.swift in Sources */ = {isa = PBXBuildFile; fileRef = 6B75CE452B20F5E100323037 /* TimeSelector.swift */; };
		6B75CE542B2BA29100323037 /* dateLineup.swift in Sources */ = {isa = PBXBuildFile; fileRef = 6B75CE532B2BA29100323037 /* dateLineup.swift */; };
		6B8877AA2AD5D57F002B9CDB /* SearchRecipesModel.swift in Sources */ = {isa = PBXBuildFile; fileRef = 6B8877A92AD5D57F002B9CDB /* SearchRecipesModel.swift */; };
		6B8877AC2AD5E11B002B9CDB /* ShortRecipeThumbnail.swift in Sources */ = {isa = PBXBuildFile; fileRef = 6B8877AB2AD5E11B002B9CDB /* ShortRecipeThumbnail.swift */; };
		6B8877AF2AD72044002B9CDB /* GetRecipeInformationModel.swift in Sources */ = {isa = PBXBuildFile; fileRef = 6B8877AE2AD72044002B9CDB /* GetRecipeInformationModel.swift */; };
		6B8877B12AD7373C002B9CDB /* RecipeDetailsView.swift in Sources */ = {isa = PBXBuildFile; fileRef = 6B8877B02AD7373C002B9CDB /* RecipeDetailsView.swift */; };
		6B8877B32AD7375B002B9CDB /* RecipeDetailsViewModel.swift in Sources */ = {isa = PBXBuildFile; fileRef = 6B8877B22AD7375B002B9CDB /* RecipeDetailsViewModel.swift */; };
		6B8877BC2ADB009A002B9CDB /* SearchRecipeTestInfo.json in Resources */ = {isa = PBXBuildFile; fileRef = 6B8877BB2ADB009A002B9CDB /* SearchRecipeTestInfo.json */; };
		6B8877BF2ADC49B2002B9CDB /* SearchRecipeDetailsTestInfo.json in Resources */ = {isa = PBXBuildFile; fileRef = 6B8877BE2ADC49B2002B9CDB /* SearchRecipeDetailsTestInfo.json */; };
		6B8877C42ADC6463002B9CDB /* SearchRecipes.swift in Sources */ = {isa = PBXBuildFile; fileRef = 6B8877C32ADC6463002B9CDB /* SearchRecipes.swift */; };
		6B8877D92AE0C87D002B9CDB /* PersistenceController.swift in Sources */ = {isa = PBXBuildFile; fileRef = 6B8877D82AE0C87D002B9CDB /* PersistenceController.swift */; };
		6B8877DC2AE0CDBF002B9CDB /* CoreDataModel.xcdatamodeld in Sources */ = {isa = PBXBuildFile; fileRef = 6B8877DA2AE0CDBF002B9CDB /* CoreDataModel.xcdatamodeld */; };
		6B8877E72AE0D1E3002B9CDB /* FoodItem+CoreDataClass.swift in Sources */ = {isa = PBXBuildFile; fileRef = 6B8877E52AE0D1E3002B9CDB /* FoodItem+CoreDataClass.swift */; };
		6B9140012B34D4580095D80C /* TrashDragLabel.swift in Sources */ = {isa = PBXBuildFile; fileRef = 6B9140002B34D4580095D80C /* TrashDragLabel.swift */; };
		6BA601142A38EB5C00F1D335 /* Transition.swift in Sources */ = {isa = PBXBuildFile; fileRef = 6BA601132A38EB5C00F1D335 /* Transition.swift */; };
		6BCC0EBF2B5DE8F7006369C1 /* FilterSearchOption.swift in Sources */ = {isa = PBXBuildFile; fileRef = 6BCC0EBE2B5DE8F7006369C1 /* FilterSearchOption.swift */; };
		6BCC0EC12B5DEA88006369C1 /* IncludeExcludeFilter.swift in Sources */ = {isa = PBXBuildFile; fileRef = 6BCC0EC02B5DEA88006369C1 /* IncludeExcludeFilter.swift */; };
		6BCC0EC42B5DEE8D006369C1 /* addItemInput.swift in Sources */ = {isa = PBXBuildFile; fileRef = 6BCC0EC32B5DEE8D006369C1 /* addItemInput.swift */; };
		6BCE75932B47C93A005BCF42 /* WeekReviewView.swift in Sources */ = {isa = PBXBuildFile; fileRef = 6BCE75922B47C93A005BCF42 /* WeekReviewView.swift */; };
		6BCE75962B488DFB005BCF42 /* LongRecipeThumbnail.swift in Sources */ = {isa = PBXBuildFile; fileRef = 6BCE75952B488DFB005BCF42 /* LongRecipeThumbnail.swift */; };
		6BCE75992B4DC046005BCF42 /* ProvisionsView.swift in Sources */ = {isa = PBXBuildFile; fileRef = 6BCE75982B4DC046005BCF42 /* ProvisionsView.swift */; };
		6BCE759B2B4DC068005BCF42 /* ProvisionsViewModel.swift in Sources */ = {isa = PBXBuildFile; fileRef = 6BCE759A2B4DC068005BCF42 /* ProvisionsViewModel.swift */; };
		6BCE759E2B4DC525005BCF42 /* ListToggle.swift in Sources */ = {isa = PBXBuildFile; fileRef = 6BCE759D2B4DC525005BCF42 /* ListToggle.swift */; };
		6BCE75A02B4E5E41005BCF42 /* UniversalFunctions.swift in Sources */ = {isa = PBXBuildFile; fileRef = 6BCE759F2B4E5E41005BCF42 /* UniversalFunctions.swift */; };
		6BCE75A22B4E6331005BCF42 /* myKitchenItem.swift in Sources */ = {isa = PBXBuildFile; fileRef = 6BCE75A12B4E6331005BCF42 /* myKitchenItem.swift */; };
		6BCE75A42B4E63E4005BCF42 /* groceryList.swift in Sources */ = {isa = PBXBuildFile; fileRef = 6BCE75A32B4E63E4005BCF42 /* groceryList.swift */; };
		6BEB950E2ACDE94D0006B0E8 /* NavView.swift in Sources */ = {isa = PBXBuildFile; fileRef = 6BEB950D2ACDE94D0006B0E8 /* NavView.swift */; };
		6BEB95112ACF0C690006B0E8 /* MenuView.swift in Sources */ = {isa = PBXBuildFile; fileRef = 6BEB95102ACF0C690006B0E8 /* MenuView.swift */; };
		6BEB95132ACF0CED0006B0E8 /* MenuViewModel.swift in Sources */ = {isa = PBXBuildFile; fileRef = 6BEB95122ACF0CED0006B0E8 /* MenuViewModel.swift */; };
		6BFD5B872B4F261E00834FA7 /* FoodItem+CoreDataProperties.swift in Sources */ = {isa = PBXBuildFile; fileRef = 6BFD5B862B4F261600834FA7 /* FoodItem+CoreDataProperties.swift */; };
		6BFD5B892B4F265000834FA7 /* FoodItem+CoreDataProperties.swift in Sources */ = {isa = PBXBuildFile; fileRef = 6BFD5B882B4F265000834FA7 /* FoodItem+CoreDataProperties.swift */; };
		6BFD5B8D2B4F33ED00834FA7 /* ProvisionsModel.swift in Sources */ = {isa = PBXBuildFile; fileRef = 6BFD5B8C2B4F33ED00834FA7 /* ProvisionsModel.swift */; };
		6BFD5B8F2B572A1E00834FA7 /* kitchenList.swift in Sources */ = {isa = PBXBuildFile; fileRef = 6BFD5B8E2B572A1E00834FA7 /* kitchenList.swift */; };
		6BFD5B912B59D69200834FA7 /* FilterSearch.swift in Sources */ = {isa = PBXBuildFile; fileRef = 6BFD5B902B59D69200834FA7 /* FilterSearch.swift */; };
		6BFD5B942B5A1EEB00834FA7 /* ReadyInFilter.swift in Sources */ = {isa = PBXBuildFile; fileRef = 6BFD5B932B5A1EEB00834FA7 /* ReadyInFilter.swift */; };
		6BFF72A12AE8299C00255DDA /* ProfileView.swift in Sources */ = {isa = PBXBuildFile; fileRef = 6BFF72A02AE8299C00255DDA /* ProfileView.swift */; };
		6BFF72AC2AF8297100255DDA /* LoginSignupView.swift in Sources */ = {isa = PBXBuildFile; fileRef = 6BFF72AB2AF8297100255DDA /* LoginSignupView.swift */; };
/* End PBXBuildFile section */

/* Begin PBXContainerItemProxy section */
		6B7388222A2FC66F00EBCE7B /* PBXContainerItemProxy */ = {
			isa = PBXContainerItemProxy;
			containerPortal = 6B7388082A2FC66E00EBCE7B /* Project object */;
			proxyType = 1;
			remoteGlobalIDString = 6B73880F2A2FC66E00EBCE7B;
			remoteInfo = "Food@Home";
		};
		6B73882C2A2FC66F00EBCE7B /* PBXContainerItemProxy */ = {
			isa = PBXContainerItemProxy;
			containerPortal = 6B7388082A2FC66E00EBCE7B /* Project object */;
			proxyType = 1;
			remoteGlobalIDString = 6B73880F2A2FC66E00EBCE7B;
			remoteInfo = "Food@Home";
		};
/* End PBXContainerItemProxy section */

/* Begin PBXFileReference section */
		1E484FBD2B608B42008360A2 /* DietaryNeedFilter.swift */ = {isa = PBXFileReference; lastKnownFileType = sourcecode.swift; path = DietaryNeedFilter.swift; sourceTree = "<group>"; };
		1E484FBF2B608D4C008360A2 /* ToggleListItem.swift */ = {isa = PBXFileReference; lastKnownFileType = sourcecode.swift; path = ToggleListItem.swift; sourceTree = "<group>"; };
		1E484FC12B616EF3008360A2 /* CuisineFilter.swift */ = {isa = PBXFileReference; lastKnownFileType = sourcecode.swift; path = CuisineFilter.swift; sourceTree = "<group>"; };
		1E484FC42B65C2E4008360A2 /* FoodProfileView.swift */ = {isa = PBXFileReference; lastKnownFileType = sourcecode.swift; path = FoodProfileView.swift; sourceTree = "<group>"; };
		1E484FC62B65C592008360A2 /* FoodProfileOption.swift */ = {isa = PBXFileReference; lastKnownFileType = sourcecode.swift; path = FoodProfileOption.swift; sourceTree = "<group>"; };
		1E484FC82B65C654008360A2 /* IntolerancesFilter.swift */ = {isa = PBXFileReference; lastKnownFileType = sourcecode.swift; path = IntolerancesFilter.swift; sourceTree = "<group>"; };
		1E484FCA2B65C9DF008360A2 /* ProfileOption.swift */ = {isa = PBXFileReference; lastKnownFileType = sourcecode.swift; path = ProfileOption.swift; sourceTree = "<group>"; };
		1E484FCE2B65CBCC008360A2 /* SavedRecipesView.swift */ = {isa = PBXFileReference; lastKnownFileType = sourcecode.swift; path = SavedRecipesView.swift; sourceTree = "<group>"; };
		1E484FD12B65CC8C008360A2 /* ResourcesView.swift */ = {isa = PBXFileReference; lastKnownFileType = sourcecode.swift; path = ResourcesView.swift; sourceTree = "<group>"; };
		1E484FD32B66B860008360A2 /* PreferencesView.swift */ = {isa = PBXFileReference; lastKnownFileType = sourcecode.swift; path = PreferencesView.swift; sourceTree = "<group>"; };
		1E484FD62B66BD10008360A2 /* ResourceOptionView.swift */ = {isa = PBXFileReference; lastKnownFileType = sourcecode.swift; path = ResourceOptionView.swift; sourceTree = "<group>"; };
		1E484FDD2B697536008360A2 /* PreferencesFunctions.swift */ = {isa = PBXFileReference; lastKnownFileType = sourcecode.swift; path = PreferencesFunctions.swift; sourceTree = "<group>"; };
		1E6DF6272B6DBED500C5D74B /* NavigationStackViewModifier.swift */ = {isa = PBXFileReference; lastKnownFileType = sourcecode.swift; path = NavigationStackViewModifier.swift; sourceTree = "<group>"; };
		1E6DF62C2B6DE9DD00C5D74B /* GuideTemplate.swift */ = {isa = PBXFileReference; lastKnownFileType = sourcecode.swift; path = GuideTemplate.swift; sourceTree = "<group>"; };
		1E6DF62F2B6DF41F00C5D74B /* ArticleInformation.swift */ = {isa = PBXFileReference; lastKnownFileType = sourcecode.swift; path = ArticleInformation.swift; sourceTree = "<group>"; };
		1EB43ADB2B6D545E005D0886 /* LargeRecipeDisplay.swift */ = {isa = PBXFileReference; lastKnownFileType = sourcecode.swift; path = LargeRecipeDisplay.swift; sourceTree = "<group>"; };
		1EB43ADF2B6D6C1B005D0886 /* RecipeDisplayModel.swift */ = {isa = PBXFileReference; lastKnownFileType = sourcecode.swift; path = RecipeDisplayModel.swift; sourceTree = "<group>"; };
		1EB43AE12B6D6C4E005D0886 /* RecipeDisplayViewModel.swift */ = {isa = PBXFileReference; lastKnownFileType = sourcecode.swift; path = RecipeDisplayViewModel.swift; sourceTree = "<group>"; };
		6B1811222B3240EB00D81FAB /* homeMealSection.swift */ = {isa = PBXFileReference; lastKnownFileType = sourcecode.swift; path = homeMealSection.swift; sourceTree = "<group>"; };
		6B5F75EA2AF839910082CC4E /* Archivo-BlackItalic.ttf */ = {isa = PBXFileReference; lastKnownFileType = file; path = "Archivo-BlackItalic.ttf"; sourceTree = "<group>"; };
		6B5F75EC2AF839910082CC4E /* Archivo-Black.ttf */ = {isa = PBXFileReference; lastKnownFileType = file; path = "Archivo-Black.ttf"; sourceTree = "<group>"; };
		6B5F75ED2AF839910082CC4E /* Archivo-MediumItalic.ttf */ = {isa = PBXFileReference; lastKnownFileType = file; path = "Archivo-MediumItalic.ttf"; sourceTree = "<group>"; };
		6B5F75EE2AF839910082CC4E /* Archivo-SemiBold.ttf */ = {isa = PBXFileReference; lastKnownFileType = file; path = "Archivo-SemiBold.ttf"; sourceTree = "<group>"; };
		6B5F75EF2AF839910082CC4E /* Archivo-SemiBoldItalic.ttf */ = {isa = PBXFileReference; lastKnownFileType = file; path = "Archivo-SemiBoldItalic.ttf"; sourceTree = "<group>"; };
		6B5F75F02AF839910082CC4E /* Archivo-Medium.ttf */ = {isa = PBXFileReference; lastKnownFileType = file; path = "Archivo-Medium.ttf"; sourceTree = "<group>"; };
		6B5F75F12AF839910082CC4E /* Archivo-LightItalic.ttf */ = {isa = PBXFileReference; lastKnownFileType = file; path = "Archivo-LightItalic.ttf"; sourceTree = "<group>"; };
		6B5F75F22AF839910082CC4E /* Archivo-ExtraLight.ttf */ = {isa = PBXFileReference; lastKnownFileType = file; path = "Archivo-ExtraLight.ttf"; sourceTree = "<group>"; };
		6B5F75F32AF839910082CC4E /* Archivo-ThinItalic.ttf */ = {isa = PBXFileReference; lastKnownFileType = file; path = "Archivo-ThinItalic.ttf"; sourceTree = "<group>"; };
		6B5F75F42AF839910082CC4E /* Archivo-BoldItalic.ttf */ = {isa = PBXFileReference; lastKnownFileType = file; path = "Archivo-BoldItalic.ttf"; sourceTree = "<group>"; };
		6B5F75F52AF839910082CC4E /* Archivo-Italic.ttf */ = {isa = PBXFileReference; lastKnownFileType = file; path = "Archivo-Italic.ttf"; sourceTree = "<group>"; };
		6B5F75F62AF839910082CC4E /* Archivo-ExtraBoldItalic.ttf */ = {isa = PBXFileReference; lastKnownFileType = file; path = "Archivo-ExtraBoldItalic.ttf"; sourceTree = "<group>"; };
		6B5F75F72AF839910082CC4E /* Archivo-Bold.ttf */ = {isa = PBXFileReference; lastKnownFileType = file; path = "Archivo-Bold.ttf"; sourceTree = "<group>"; };
		6B5F75F82AF839910082CC4E /* Archivo-ExtraLightItalic.ttf */ = {isa = PBXFileReference; lastKnownFileType = file; path = "Archivo-ExtraLightItalic.ttf"; sourceTree = "<group>"; };
		6B5F75F92AF839910082CC4E /* Archivo-ExtraBold.ttf */ = {isa = PBXFileReference; lastKnownFileType = file; path = "Archivo-ExtraBold.ttf"; sourceTree = "<group>"; };
		6B5F75FA2AF839910082CC4E /* Archivo-Light.ttf */ = {isa = PBXFileReference; lastKnownFileType = file; path = "Archivo-Light.ttf"; sourceTree = "<group>"; };
		6B5F75FB2AF839910082CC4E /* Archivo-Thin.ttf */ = {isa = PBXFileReference; lastKnownFileType = file; path = "Archivo-Thin.ttf"; sourceTree = "<group>"; };
		6B5F75FC2AF83B8F0082CC4E /* Base */ = {isa = PBXFileReference; lastKnownFileType = file; name = Base; path = "Base.lproj/Archivo-Regular.ttf"; sourceTree = "<group>"; };
		6B5F76042AF83FB70082CC4E /* Noto */ = {isa = PBXFileReference; lastKnownFileType = folder; path = Noto; sourceTree = "<group>"; };
		6B5F76072AF842A60082CC4E /* Logo.swift */ = {isa = PBXFileReference; lastKnownFileType = sourcecode.swift; path = Logo.swift; sourceTree = "<group>"; };
		6B5F76092AF84D6C0082CC4E /* ButtonViewModifiers.swift */ = {isa = PBXFileReference; lastKnownFileType = sourcecode.swift; path = ButtonViewModifiers.swift; sourceTree = "<group>"; };
		6B5F760B2AF9AEFF0082CC4E /* TextInputModifier.swift */ = {isa = PBXFileReference; lastKnownFileType = sourcecode.swift; path = TextInputModifier.swift; sourceTree = "<group>"; };
		6B5F76282B1925730082CC4E /* HomeView.swift */ = {isa = PBXFileReference; lastKnownFileType = sourcecode.swift; path = HomeView.swift; sourceTree = "<group>"; };
		6B5F762A2B19257D0082CC4E /* HomeViewModel.swift */ = {isa = PBXFileReference; lastKnownFileType = sourcecode.swift; path = HomeViewModel.swift; sourceTree = "<group>"; };
		6B5F762C2B1928DA0082CC4E /* Headers.swift */ = {isa = PBXFileReference; lastKnownFileType = sourcecode.swift; path = Headers.swift; sourceTree = "<group>"; };
		6B5F762F2B1929420082CC4E /* dateBubble.swift */ = {isa = PBXFileReference; lastKnownFileType = sourcecode.swift; path = dateBubble.swift; sourceTree = "<group>"; };
		6B7388102A2FC66E00EBCE7B /* Food@Home.app */ = {isa = PBXFileReference; explicitFileType = wrapper.application; includeInIndex = 0; path = "Food@Home.app"; sourceTree = BUILT_PRODUCTS_DIR; };
		6B7388132A2FC66E00EBCE7B /* Food_HomeApp.swift */ = {isa = PBXFileReference; lastKnownFileType = sourcecode.swift; path = Food_HomeApp.swift; sourceTree = "<group>"; };
		6B7388172A2FC66F00EBCE7B /* Assets.xcassets */ = {isa = PBXFileReference; lastKnownFileType = folder.assetcatalog; path = Assets.xcassets; sourceTree = "<group>"; };
		6B7388192A2FC66F00EBCE7B /* Food_Home.entitlements */ = {isa = PBXFileReference; lastKnownFileType = text.plist.entitlements; path = Food_Home.entitlements; sourceTree = "<group>"; };
		6B73881B2A2FC66F00EBCE7B /* Preview Assets.xcassets */ = {isa = PBXFileReference; lastKnownFileType = folder.assetcatalog; path = "Preview Assets.xcassets"; sourceTree = "<group>"; };
		6B7388212A2FC66F00EBCE7B /* Food@HomeTests.xctest */ = {isa = PBXFileReference; explicitFileType = wrapper.cfbundle; includeInIndex = 0; path = "Food@HomeTests.xctest"; sourceTree = BUILT_PRODUCTS_DIR; };
		6B7388252A2FC66F00EBCE7B /* Food_HomeTests.swift */ = {isa = PBXFileReference; lastKnownFileType = sourcecode.swift; path = Food_HomeTests.swift; sourceTree = "<group>"; };
		6B73882B2A2FC66F00EBCE7B /* Food@HomeUITests.xctest */ = {isa = PBXFileReference; explicitFileType = wrapper.cfbundle; includeInIndex = 0; path = "Food@HomeUITests.xctest"; sourceTree = BUILT_PRODUCTS_DIR; };
		6B73882F2A2FC66F00EBCE7B /* Food_HomeUITests.swift */ = {isa = PBXFileReference; lastKnownFileType = sourcecode.swift; path = Food_HomeUITests.swift; sourceTree = "<group>"; };
		6B7388312A2FC66F00EBCE7B /* Food_HomeUITestsLaunchTests.swift */ = {isa = PBXFileReference; lastKnownFileType = sourcecode.swift; path = Food_HomeUITestsLaunchTests.swift; sourceTree = "<group>"; };
		6B73883F2A2FD63E00EBCE7B /* Font.swift */ = {isa = PBXFileReference; lastKnownFileType = sourcecode.swift; path = Font.swift; sourceTree = "<group>"; };
		6B7388452A2FD86100EBCE7B /* Food-Home-Info.plist */ = {isa = PBXFileReference; lastKnownFileType = text.plist; path = "Food-Home-Info.plist"; sourceTree = SOURCE_ROOT; };
		6B7388462A2FDE6300EBCE7B /* View.swift */ = {isa = PBXFileReference; lastKnownFileType = sourcecode.swift; path = View.swift; sourceTree = "<group>"; };
		6B7388482A2FE29500EBCE7B /* UIScreen.swift */ = {isa = PBXFileReference; lastKnownFileType = sourcecode.swift; path = UIScreen.swift; sourceTree = "<group>"; };
		6B7388512A30F66C00EBCE7B /* Constants.swift */ = {isa = PBXFileReference; lastKnownFileType = sourcecode.swift; path = Constants.swift; sourceTree = "<group>"; };
		6B7388532A30F6A600EBCE7B /* Color.swift */ = {isa = PBXFileReference; lastKnownFileType = sourcecode.swift; path = Color.swift; sourceTree = "<group>"; };
		6B75CE3A2B1A995B00323037 /* SmallRecipeDisplay.swift */ = {isa = PBXFileReference; lastKnownFileType = sourcecode.swift; path = SmallRecipeDisplay.swift; sourceTree = "<group>"; };
		6B75CE3D2B1ACE1E00323037 /* MealScheduler.swift */ = {isa = PBXFileReference; lastKnownFileType = sourcecode.swift; path = MealScheduler.swift; sourceTree = "<group>"; };
		6B75CE3F2B1AD47D00323037 /* SeparatorLine.swift */ = {isa = PBXFileReference; lastKnownFileType = sourcecode.swift; path = SeparatorLine.swift; sourceTree = "<group>"; };
		6B75CE452B20F5E100323037 /* TimeSelector.swift */ = {isa = PBXFileReference; lastKnownFileType = sourcecode.swift; path = TimeSelector.swift; sourceTree = "<group>"; };
		6B75CE532B2BA29100323037 /* dateLineup.swift */ = {isa = PBXFileReference; lastKnownFileType = sourcecode.swift; path = dateLineup.swift; sourceTree = "<group>"; };
		6B8877A92AD5D57F002B9CDB /* SearchRecipesModel.swift */ = {isa = PBXFileReference; lastKnownFileType = sourcecode.swift; path = SearchRecipesModel.swift; sourceTree = "<group>"; };
		6B8877AB2AD5E11B002B9CDB /* ShortRecipeThumbnail.swift */ = {isa = PBXFileReference; lastKnownFileType = sourcecode.swift; path = ShortRecipeThumbnail.swift; sourceTree = "<group>"; };
		6B8877AE2AD72044002B9CDB /* GetRecipeInformationModel.swift */ = {isa = PBXFileReference; lastKnownFileType = sourcecode.swift; path = GetRecipeInformationModel.swift; sourceTree = "<group>"; };
		6B8877B02AD7373C002B9CDB /* RecipeDetailsView.swift */ = {isa = PBXFileReference; lastKnownFileType = sourcecode.swift; path = RecipeDetailsView.swift; sourceTree = "<group>"; };
		6B8877B22AD7375B002B9CDB /* RecipeDetailsViewModel.swift */ = {isa = PBXFileReference; lastKnownFileType = sourcecode.swift; path = RecipeDetailsViewModel.swift; sourceTree = "<group>"; };
		6B8877B72ADAF8E0002B9CDB /* Config.xcconfig */ = {isa = PBXFileReference; lastKnownFileType = text.xcconfig; path = Config.xcconfig; sourceTree = "<group>"; };
		6B8877BB2ADB009A002B9CDB /* SearchRecipeTestInfo.json */ = {isa = PBXFileReference; lastKnownFileType = text.json; path = SearchRecipeTestInfo.json; sourceTree = "<group>"; xcLanguageSpecificationIdentifier = xcode.lang.json; };
		6B8877BE2ADC49B2002B9CDB /* SearchRecipeDetailsTestInfo.json */ = {isa = PBXFileReference; lastKnownFileType = text.json; path = SearchRecipeDetailsTestInfo.json; sourceTree = "<group>"; };
		6B8877C32ADC6463002B9CDB /* SearchRecipes.swift */ = {isa = PBXFileReference; lastKnownFileType = sourcecode.swift; path = SearchRecipes.swift; sourceTree = "<group>"; };
		6B8877D82AE0C87D002B9CDB /* PersistenceController.swift */ = {isa = PBXFileReference; lastKnownFileType = sourcecode.swift; path = PersistenceController.swift; sourceTree = "<group>"; };
		6B8877DB2AE0CDBF002B9CDB /* CoreDataModel.xcdatamodel */ = {isa = PBXFileReference; lastKnownFileType = wrapper.xcdatamodel; path = CoreDataModel.xcdatamodel; sourceTree = "<group>"; };
		6B8877E52AE0D1E3002B9CDB /* FoodItem+CoreDataClass.swift */ = {isa = PBXFileReference; lastKnownFileType = sourcecode.swift; path = "FoodItem+CoreDataClass.swift"; sourceTree = "<group>"; };
		6B9140002B34D4580095D80C /* TrashDragLabel.swift */ = {isa = PBXFileReference; lastKnownFileType = sourcecode.swift; path = TrashDragLabel.swift; sourceTree = "<group>"; };
		6BA601132A38EB5C00F1D335 /* Transition.swift */ = {isa = PBXFileReference; lastKnownFileType = sourcecode.swift; path = Transition.swift; sourceTree = "<group>"; };
		6BCC0EBE2B5DE8F7006369C1 /* FilterSearchOption.swift */ = {isa = PBXFileReference; lastKnownFileType = sourcecode.swift; path = FilterSearchOption.swift; sourceTree = "<group>"; };
		6BCC0EC02B5DEA88006369C1 /* IncludeExcludeFilter.swift */ = {isa = PBXFileReference; lastKnownFileType = sourcecode.swift; path = IncludeExcludeFilter.swift; sourceTree = "<group>"; };
		6BCC0EC32B5DEE8D006369C1 /* addItemInput.swift */ = {isa = PBXFileReference; lastKnownFileType = sourcecode.swift; path = addItemInput.swift; sourceTree = "<group>"; };
		6BCE75922B47C93A005BCF42 /* WeekReviewView.swift */ = {isa = PBXFileReference; lastKnownFileType = sourcecode.swift; path = WeekReviewView.swift; sourceTree = "<group>"; };
		6BCE75952B488DFB005BCF42 /* LongRecipeThumbnail.swift */ = {isa = PBXFileReference; lastKnownFileType = sourcecode.swift; path = LongRecipeThumbnail.swift; sourceTree = "<group>"; };
		6BCE75982B4DC046005BCF42 /* ProvisionsView.swift */ = {isa = PBXFileReference; lastKnownFileType = sourcecode.swift; path = ProvisionsView.swift; sourceTree = "<group>"; };
		6BCE759A2B4DC068005BCF42 /* ProvisionsViewModel.swift */ = {isa = PBXFileReference; lastKnownFileType = sourcecode.swift; path = ProvisionsViewModel.swift; sourceTree = "<group>"; };
		6BCE759D2B4DC525005BCF42 /* ListToggle.swift */ = {isa = PBXFileReference; lastKnownFileType = sourcecode.swift; path = ListToggle.swift; sourceTree = "<group>"; };
		6BCE759F2B4E5E41005BCF42 /* UniversalFunctions.swift */ = {isa = PBXFileReference; lastKnownFileType = sourcecode.swift; path = UniversalFunctions.swift; sourceTree = "<group>"; };
		6BCE75A12B4E6331005BCF42 /* myKitchenItem.swift */ = {isa = PBXFileReference; lastKnownFileType = sourcecode.swift; path = myKitchenItem.swift; sourceTree = "<group>"; };
		6BCE75A32B4E63E4005BCF42 /* groceryList.swift */ = {isa = PBXFileReference; lastKnownFileType = sourcecode.swift; path = groceryList.swift; sourceTree = "<group>"; };
		6BEB950D2ACDE94D0006B0E8 /* NavView.swift */ = {isa = PBXFileReference; lastKnownFileType = sourcecode.swift; path = NavView.swift; sourceTree = "<group>"; };
		6BEB95102ACF0C690006B0E8 /* MenuView.swift */ = {isa = PBXFileReference; lastKnownFileType = sourcecode.swift; path = MenuView.swift; sourceTree = "<group>"; };
		6BEB95122ACF0CED0006B0E8 /* MenuViewModel.swift */ = {isa = PBXFileReference; lastKnownFileType = sourcecode.swift; path = MenuViewModel.swift; sourceTree = "<group>"; };
		6BFD5B862B4F261600834FA7 /* FoodItem+CoreDataProperties.swift */ = {isa = PBXFileReference; lastKnownFileType = sourcecode.swift; path = "FoodItem+CoreDataProperties.swift"; sourceTree = "<group>"; };
		6BFD5B882B4F265000834FA7 /* FoodItem+CoreDataProperties.swift */ = {isa = PBXFileReference; fileEncoding = 4; lastKnownFileType = sourcecode.swift; path = "FoodItem+CoreDataProperties.swift"; sourceTree = "<group>"; };
		6BFD5B8C2B4F33ED00834FA7 /* ProvisionsModel.swift */ = {isa = PBXFileReference; lastKnownFileType = sourcecode.swift; path = ProvisionsModel.swift; sourceTree = "<group>"; };
		6BFD5B8E2B572A1E00834FA7 /* kitchenList.swift */ = {isa = PBXFileReference; lastKnownFileType = sourcecode.swift; path = kitchenList.swift; sourceTree = "<group>"; };
		6BFD5B902B59D69200834FA7 /* FilterSearch.swift */ = {isa = PBXFileReference; lastKnownFileType = sourcecode.swift; path = FilterSearch.swift; sourceTree = "<group>"; };
		6BFD5B932B5A1EEB00834FA7 /* ReadyInFilter.swift */ = {isa = PBXFileReference; lastKnownFileType = sourcecode.swift; path = ReadyInFilter.swift; sourceTree = "<group>"; };
		6BFF72A02AE8299C00255DDA /* ProfileView.swift */ = {isa = PBXFileReference; lastKnownFileType = sourcecode.swift; path = ProfileView.swift; sourceTree = "<group>"; };
		6BFF72AB2AF8297100255DDA /* LoginSignupView.swift */ = {isa = PBXFileReference; lastKnownFileType = sourcecode.swift; path = LoginSignupView.swift; sourceTree = "<group>"; };
/* End PBXFileReference section */

/* Begin PBXFrameworksBuildPhase section */
		6B73880D2A2FC66E00EBCE7B /* Frameworks */ = {
			isa = PBXFrameworksBuildPhase;
			buildActionMask = 2147483647;
			files = (
				6B737B072B5A2DFB00468581 /* WaterfallGrid in Frameworks */,
			);
			runOnlyForDeploymentPostprocessing = 0;
		};
		6B73881E2A2FC66F00EBCE7B /* Frameworks */ = {
			isa = PBXFrameworksBuildPhase;
			buildActionMask = 2147483647;
			files = (
			);
			runOnlyForDeploymentPostprocessing = 0;
		};
		6B7388282A2FC66F00EBCE7B /* Frameworks */ = {
			isa = PBXFrameworksBuildPhase;
			buildActionMask = 2147483647;
			files = (
			);
			runOnlyForDeploymentPostprocessing = 0;
		};
/* End PBXFrameworksBuildPhase section */

/* Begin PBXGroup section */
		1E484FC32B65C2CA008360A2 /* Components */ = {
			isa = PBXGroup;
			children = (
				1E484FCA2B65C9DF008360A2 /* ProfileOption.swift */,
				1E484FCC2B65CA6F008360A2 /* FoodProfile */,
				1E484FCD2B65CAAA008360A2 /* SavedRecipes */,
				1E484FD02B65CC79008360A2 /* Resources */,
				1E484FD52B66B867008360A2 /* Preferences */,
			);
			path = Components;
			sourceTree = "<group>";
		};
		1E484FCC2B65CA6F008360A2 /* FoodProfile */ = {
			isa = PBXGroup;
			children = (
				1E484FC62B65C592008360A2 /* FoodProfileOption.swift */,
				1E484FC42B65C2E4008360A2 /* FoodProfileView.swift */,
			);
			path = FoodProfile;
			sourceTree = "<group>";
		};
		1E484FCD2B65CAAA008360A2 /* SavedRecipes */ = {
			isa = PBXGroup;
			children = (
				1E484FCE2B65CBCC008360A2 /* SavedRecipesView.swift */,
			);
			path = SavedRecipes;
			sourceTree = "<group>";
		};
		1E484FD02B65CC79008360A2 /* Resources */ = {
			isa = PBXGroup;
			children = (
				1E484FD12B65CC8C008360A2 /* ResourcesView.swift */,
				1E484FD62B66BD10008360A2 /* ResourceOptionView.swift */,
				1E6DF62E2B6DE9E300C5D74B /* Articles */,
			);
			path = Resources;
			sourceTree = "<group>";
		};
		1E484FD52B66B867008360A2 /* Preferences */ = {
			isa = PBXGroup;
			children = (
				1E484FD32B66B860008360A2 /* PreferencesView.swift */,
			);
			path = Preferences;
			sourceTree = "<group>";
		};
		1E484FDC2B695A4F008360A2 /* RecipeThumbnails */ = {
			isa = PBXGroup;
			children = (
				6B8877AB2AD5E11B002B9CDB /* ShortRecipeThumbnail.swift */,
				6BCE75952B488DFB005BCF42 /* LongRecipeThumbnail.swift */,
			);
			path = RecipeThumbnails;
			sourceTree = "<group>";
		};
		1E6DF6292B6DC60300C5D74B /* ProvisionsView */ = {
			isa = PBXGroup;
			children = (
				6BCE75982B4DC046005BCF42 /* ProvisionsView.swift */,
				6BCE759C2B4DC50B005BCF42 /* Components */,
			);
			path = ProvisionsView;
			sourceTree = "<group>";
		};
		1E6DF62A2B6DC63600C5D74B /* ProfileView */ = {
			isa = PBXGroup;
			children = (
				6BFF72A02AE8299C00255DDA /* ProfileView.swift */,
				1E484FC32B65C2CA008360A2 /* Components */,
			);
			path = ProfileView;
			sourceTree = "<group>";
		};
		1E6DF62B2B6DC69200C5D74B /* RecipeDetailsView */ = {
			isa = PBXGroup;
			children = (
				6B8877B02AD7373C002B9CDB /* RecipeDetailsView.swift */,
				6B75CE3C2B1ACE0A00323037 /* Components */,
			);
			path = RecipeDetailsView;
			sourceTree = "<group>";
		};
		1E6DF62E2B6DE9E300C5D74B /* Articles */ = {
			isa = PBXGroup;
			children = (
				1E6DF62C2B6DE9DD00C5D74B /* GuideTemplate.swift */,
				1E6DF62F2B6DF41F00C5D74B /* ArticleInformation.swift */,
			);
			path = Articles;
			sourceTree = "<group>";
		};
		1EB43ADD2B6D6B86005D0886 /* RecipeDisplays */ = {
			isa = PBXGroup;
			children = (
				1EB43ADE2B6D6BAD005D0886 /* RecipeDisplayViews */,
				1EB43ADF2B6D6C1B005D0886 /* RecipeDisplayModel.swift */,
				1EB43AE12B6D6C4E005D0886 /* RecipeDisplayViewModel.swift */,
			);
			path = RecipeDisplays;
			sourceTree = "<group>";
		};
		1EB43ADE2B6D6BAD005D0886 /* RecipeDisplayViews */ = {
			isa = PBXGroup;
			children = (
				1EB43ADB2B6D545E005D0886 /* LargeRecipeDisplay.swift */,
				6B75CE3A2B1A995B00323037 /* SmallRecipeDisplay.swift */,
			);
			path = RecipeDisplayViews;
			sourceTree = "<group>";
		};
		1EB43AE32B6DB651005D0886 /* Components */ = {
			isa = PBXGroup;
			children = (
				6BFD5B932B5A1EEB00834FA7 /* ReadyInFilter.swift */,
				1E484FBD2B608B42008360A2 /* DietaryNeedFilter.swift */,
				1E484FC12B616EF3008360A2 /* CuisineFilter.swift */,
				6BCC0EC02B5DEA88006369C1 /* IncludeExcludeFilter.swift */,
				1E484FC82B65C654008360A2 /* IntolerancesFilter.swift */,
			);
			path = Components;
			sourceTree = "<group>";
		};
		1EB43AE42B6DB699005D0886 /* MenuView */ = {
			isa = PBXGroup;
			children = (
				6BEB95102ACF0C690006B0E8 /* MenuView.swift */,
				6B8877B62ADAF60D002B9CDB /* Components */,
			);
			path = MenuView;
			sourceTree = "<group>";
		};
		6B5F75E92AF839910082CC4E /* Archivo */ = {
			isa = PBXGroup;
			children = (
				6B5F75EA2AF839910082CC4E /* Archivo-BlackItalic.ttf */,
				6B5F75FD2AF83B8F0082CC4E /* Archivo-Regular.ttf */,
				6B5F75EC2AF839910082CC4E /* Archivo-Black.ttf */,
				6B5F75ED2AF839910082CC4E /* Archivo-MediumItalic.ttf */,
				6B5F75EE2AF839910082CC4E /* Archivo-SemiBold.ttf */,
				6B5F75EF2AF839910082CC4E /* Archivo-SemiBoldItalic.ttf */,
				6B5F75F02AF839910082CC4E /* Archivo-Medium.ttf */,
				6B5F75F12AF839910082CC4E /* Archivo-LightItalic.ttf */,
				6B5F75F22AF839910082CC4E /* Archivo-ExtraLight.ttf */,
				6B5F75F32AF839910082CC4E /* Archivo-ThinItalic.ttf */,
				6B5F75F42AF839910082CC4E /* Archivo-BoldItalic.ttf */,
				6B5F75F52AF839910082CC4E /* Archivo-Italic.ttf */,
				6B5F75F62AF839910082CC4E /* Archivo-ExtraBoldItalic.ttf */,
				6B5F75F72AF839910082CC4E /* Archivo-Bold.ttf */,
				6B5F75F82AF839910082CC4E /* Archivo-ExtraLightItalic.ttf */,
				6B5F75F92AF839910082CC4E /* Archivo-ExtraBold.ttf */,
				6B5F75FA2AF839910082CC4E /* Archivo-Light.ttf */,
				6B5F75FB2AF839910082CC4E /* Archivo-Thin.ttf */,
			);
			path = Archivo;
			sourceTree = "<group>";
		};
		6B5F76062AF842950082CC4E /* UniversalUIComponents */ = {
			isa = PBXGroup;
			children = (
				6B5F76072AF842A60082CC4E /* Logo.swift */,
				6B5F76092AF84D6C0082CC4E /* ButtonViewModifiers.swift */,
				6B5F760B2AF9AEFF0082CC4E /* TextInputModifier.swift */,
				6B5F762C2B1928DA0082CC4E /* Headers.swift */,
				6B75CE3F2B1AD47D00323037 /* SeparatorLine.swift */,
				6B9140002B34D4580095D80C /* TrashDragLabel.swift */,
			);
			path = UniversalUIComponents;
			sourceTree = "<group>";
		};
		6B5F76272B1925650082CC4E /* Home */ = {
			isa = PBXGroup;
			children = (
				6BFD5B8B2B4F335B00834FA7 /* HomeView */,
				6B5F762A2B19257D0082CC4E /* HomeViewModel.swift */,
				6BEB950F2ACF0C530006B0E8 /* Menu */,
				6BCE75912B47C913005BCF42 /* WeekReview */,
			);
			path = Home;
			sourceTree = "<group>";
		};
		6B5F762E2B1929310082CC4E /* Components */ = {
			isa = PBXGroup;
			children = (
				6B5F762F2B1929420082CC4E /* dateBubble.swift */,
				6B75CE532B2BA29100323037 /* dateLineup.swift */,
				6B1811222B3240EB00D81FAB /* homeMealSection.swift */,
			);
			path = Components;
			sourceTree = "<group>";
		};
		6B7388072A2FC66E00EBCE7B = {
			isa = PBXGroup;
			children = (
				6B75CE502B2BA1BD00323037 /* CoreData */,
				6B8877B72ADAF8E0002B9CDB /* Config.xcconfig */,
				6BFF72AD2AF82BDC00255DDA /* Fonts */,
				6B7388122A2FC66E00EBCE7B /* Food@Home */,
				6B7388242A2FC66F00EBCE7B /* Food@HomeTests */,
				6B73882E2A2FC66F00EBCE7B /* Food@HomeUITests */,
				6B7388112A2FC66E00EBCE7B /* Products */,
			);
			sourceTree = "<group>";
		};
		6B7388112A2FC66E00EBCE7B /* Products */ = {
			isa = PBXGroup;
			children = (
				6B7388102A2FC66E00EBCE7B /* Food@Home.app */,
				6B7388212A2FC66F00EBCE7B /* Food@HomeTests.xctest */,
				6B73882B2A2FC66F00EBCE7B /* Food@HomeUITests.xctest */,
			);
			name = Products;
			sourceTree = "<group>";
		};
		6B7388122A2FC66E00EBCE7B /* Food@Home */ = {
			isa = PBXGroup;
			children = (
				6B7388452A2FD86100EBCE7B /* Food-Home-Info.plist */,
				6B7388132A2FC66E00EBCE7B /* Food_HomeApp.swift */,
				6BFF72A92AF8294000255DDA /* Navigation */,
				6BFF72AA2AF8294D00255DDA /* LoginSignup */,
				6BEB950B2ACDE8F70006B0E8 /* MainTabs */,
				6B75CE412B1FB7F100323037 /* ReuseableViews */,
				6B5F76062AF842950082CC4E /* UniversalUIComponents */,
				6B7388172A2FC66F00EBCE7B /* Assets.xcassets */,
				6B7388192A2FC66F00EBCE7B /* Food_Home.entitlements */,
				6B7388512A30F66C00EBCE7B /* Constants.swift */,
				6BCE759F2B4E5E41005BCF42 /* UniversalFunctions.swift */,
				1E484FDD2B697536008360A2 /* PreferencesFunctions.swift */,
				6B73883E2A2FC86900EBCE7B /* Extensions */,
				6B8877C02ADC5EC5002B9CDB /* TestData */,
				6B73881A2A2FC66F00EBCE7B /* Preview Content */,
			);
			path = "Food@Home";
			sourceTree = "<group>";
		};
		6B73881A2A2FC66F00EBCE7B /* Preview Content */ = {
			isa = PBXGroup;
			children = (
				6B73881B2A2FC66F00EBCE7B /* Preview Assets.xcassets */,
			);
			path = "Preview Content";
			sourceTree = "<group>";
		};
		6B7388242A2FC66F00EBCE7B /* Food@HomeTests */ = {
			isa = PBXGroup;
			children = (
				6B7388252A2FC66F00EBCE7B /* Food_HomeTests.swift */,
			);
			path = "Food@HomeTests";
			sourceTree = "<group>";
		};
		6B73882E2A2FC66F00EBCE7B /* Food@HomeUITests */ = {
			isa = PBXGroup;
			children = (
				6B73882F2A2FC66F00EBCE7B /* Food_HomeUITests.swift */,
				6B7388312A2FC66F00EBCE7B /* Food_HomeUITestsLaunchTests.swift */,
			);
			path = "Food@HomeUITests";
			sourceTree = "<group>";
		};
		6B73883E2A2FC86900EBCE7B /* Extensions */ = {
			isa = PBXGroup;
			children = (
				6B73883F2A2FD63E00EBCE7B /* Font.swift */,
				6B7388462A2FDE6300EBCE7B /* View.swift */,
				6B7388482A2FE29500EBCE7B /* UIScreen.swift */,
				6B7388532A30F6A600EBCE7B /* Color.swift */,
				6BA601132A38EB5C00F1D335 /* Transition.swift */,
			);
			path = Extensions;
			sourceTree = "<group>";
		};
		6B75CE3C2B1ACE0A00323037 /* Components */ = {
			isa = PBXGroup;
			children = (
				6B75CE432B20F5BE00323037 /* MealScheduler */,
			);
			path = Components;
			sourceTree = "<group>";
		};
		6B75CE412B1FB7F100323037 /* ReuseableViews */ = {
			isa = PBXGroup;
			children = (
				1E484FDC2B695A4F008360A2 /* RecipeThumbnails */,
				6BCC0EC22B5DEE64006369C1 /* ListComponents */,
				6B8877CA2ADCC389002B9CDB /* RecipeDetails */,
			);
			path = ReuseableViews;
			sourceTree = "<group>";
		};
		6B75CE432B20F5BE00323037 /* MealScheduler */ = {
			isa = PBXGroup;
			children = (
				6B75CE3D2B1ACE1E00323037 /* MealScheduler.swift */,
				6B75CE442B20F5C900323037 /* Components */,
			);
			path = MealScheduler;
			sourceTree = "<group>";
		};
		6B75CE442B20F5C900323037 /* Components */ = {
			isa = PBXGroup;
			children = (
				6B75CE452B20F5E100323037 /* TimeSelector.swift */,
			);
			path = Components;
			sourceTree = "<group>";
		};
		6B75CE502B2BA1BD00323037 /* CoreData */ = {
			isa = PBXGroup;
			children = (
				6B8877DA2AE0CDBF002B9CDB /* CoreDataModel.xcdatamodeld */,
				6B8877D82AE0C87D002B9CDB /* PersistenceController.swift */,
				6B75CE512B2BA1DB00323037 /* RecipeCD */,
				6B75CE522B2BA1E800323037 /* FoodItem */,
			);
			path = CoreData;
			sourceTree = "<group>";
		};
		6B75CE512B2BA1DB00323037 /* RecipeCD */ = {
			isa = PBXGroup;
			children = (
			);
			path = RecipeCD;
			sourceTree = "<group>";
		};
		6B75CE522B2BA1E800323037 /* FoodItem */ = {
			isa = PBXGroup;
			children = (
				6B8877E52AE0D1E3002B9CDB /* FoodItem+CoreDataClass.swift */,
				6BFD5B882B4F265000834FA7 /* FoodItem+CoreDataProperties.swift */,
				6BFD5B862B4F261600834FA7 /* FoodItem+CoreDataProperties.swift */,
			);
			path = FoodItem;
			sourceTree = "<group>";
		};
		6B8877AD2AD72020002B9CDB /* Model */ = {
			isa = PBXGroup;
			children = (
				6B8877A92AD5D57F002B9CDB /* SearchRecipesModel.swift */,
				6B8877AE2AD72044002B9CDB /* GetRecipeInformationModel.swift */,
			);
			path = Model;
			sourceTree = "<group>";
		};
		6B8877B62ADAF60D002B9CDB /* Components */ = {
			isa = PBXGroup;
			children = (
				6BFD5B922B59D93C00834FA7 /* FilterSearch */,
				1EB43ADD2B6D6B86005D0886 /* RecipeDisplays */,
			);
			path = Components;
			sourceTree = "<group>";
		};
		6B8877BD2ADC4987002B9CDB /* TestInfoJSON */ = {
			isa = PBXGroup;
			children = (
				6B8877BB2ADB009A002B9CDB /* SearchRecipeTestInfo.json */,
				6B8877BE2ADC49B2002B9CDB /* SearchRecipeDetailsTestInfo.json */,
			);
			path = TestInfoJSON;
			sourceTree = "<group>";
		};
		6B8877C02ADC5EC5002B9CDB /* TestData */ = {
			isa = PBXGroup;
			children = (
				6B8877BD2ADC4987002B9CDB /* TestInfoJSON */,
			);
			path = TestData;
			sourceTree = "<group>";
		};
		6B8877C92ADC6478002B9CDB /* SpoonacularQueries */ = {
			isa = PBXGroup;
			children = (
				6B8877C32ADC6463002B9CDB /* SearchRecipes.swift */,
			);
			path = SpoonacularQueries;
			sourceTree = "<group>";
		};
		6B8877CA2ADCC389002B9CDB /* RecipeDetails */ = {
			isa = PBXGroup;
			children = (
				1E6DF62B2B6DC69200C5D74B /* RecipeDetailsView */,
				6B8877B22AD7375B002B9CDB /* RecipeDetailsViewModel.swift */,
			);
			path = RecipeDetails;
			sourceTree = "<group>";
		};
		6BCC0EC22B5DEE64006369C1 /* ListComponents */ = {
			isa = PBXGroup;
			children = (
				6BCC0EC32B5DEE8D006369C1 /* addItemInput.swift */,
				1E484FBF2B608D4C008360A2 /* ToggleListItem.swift */,
			);
			path = ListComponents;
			sourceTree = "<group>";
		};
		6BCE75912B47C913005BCF42 /* WeekReview */ = {
			isa = PBXGroup;
			children = (
				6BCE75922B47C93A005BCF42 /* WeekReviewView.swift */,
			);
			path = WeekReview;
			sourceTree = "<group>";
		};
		6BCE75972B4DC01F005BCF42 /* Provisions */ = {
			isa = PBXGroup;
			children = (
				6BFD5B8A2B4F334300834FA7 /* ProvisionsView */,
				6BCE759A2B4DC068005BCF42 /* ProvisionsViewModel.swift */,
				6BFD5B8C2B4F33ED00834FA7 /* ProvisionsModel.swift */,
			);
			path = Provisions;
			sourceTree = "<group>";
		};
		6BCE759C2B4DC50B005BCF42 /* Components */ = {
			isa = PBXGroup;
			children = (
				6BCE759D2B4DC525005BCF42 /* ListToggle.swift */,
				6BCE75A32B4E63E4005BCF42 /* groceryList.swift */,
				6BFD5B8E2B572A1E00834FA7 /* kitchenList.swift */,
				6BCE75A12B4E6331005BCF42 /* myKitchenItem.swift */,
			);
			path = Components;
			sourceTree = "<group>";
		};
		6BEB950B2ACDE8F70006B0E8 /* MainTabs */ = {
			isa = PBXGroup;
			children = (
				6B5F76272B1925650082CC4E /* Home */,
				6BCE75972B4DC01F005BCF42 /* Provisions */,
				6BFF729F2AE8298300255DDA /* Profile */,
			);
			path = MainTabs;
			sourceTree = "<group>";
		};
		6BEB950F2ACF0C530006B0E8 /* Menu */ = {
			isa = PBXGroup;
			children = (
				1EB43AE42B6DB699005D0886 /* MenuView */,
				6BEB95122ACF0CED0006B0E8 /* MenuViewModel.swift */,
				6B8877AD2AD72020002B9CDB /* Model */,
				6B8877C92ADC6478002B9CDB /* SpoonacularQueries */,
			);
			path = Menu;
			sourceTree = "<group>";
		};
		6BFD5B8A2B4F334300834FA7 /* ProvisionsView */ = {
			isa = PBXGroup;
			children = (
				1E6DF6292B6DC60300C5D74B /* ProvisionsView */,
			);
			path = ProvisionsView;
			sourceTree = "<group>";
		};
		6BFD5B8B2B4F335B00834FA7 /* HomeView */ = {
			isa = PBXGroup;
			children = (
				6B5F76282B1925730082CC4E /* HomeView.swift */,
				6B5F762E2B1929310082CC4E /* Components */,
			);
			path = HomeView;
			sourceTree = "<group>";
		};
		6BFD5B922B59D93C00834FA7 /* FilterSearch */ = {
			isa = PBXGroup;
			children = (
				6BFD5B902B59D69200834FA7 /* FilterSearch.swift */,
				6BCC0EBE2B5DE8F7006369C1 /* FilterSearchOption.swift */,
				1EB43AE32B6DB651005D0886 /* Components */,
			);
			path = FilterSearch;
			sourceTree = "<group>";
		};
		6BFF729F2AE8298300255DDA /* Profile */ = {
			isa = PBXGroup;
			children = (
				1E6DF62A2B6DC63600C5D74B /* ProfileView */,
			);
			path = Profile;
			sourceTree = "<group>";
		};
		6BFF72A92AF8294000255DDA /* Navigation */ = {
			isa = PBXGroup;
			children = (
				6BEB950D2ACDE94D0006B0E8 /* NavView.swift */,
				1E6DF6272B6DBED500C5D74B /* NavigationStackViewModifier.swift */,
			);
			path = Navigation;
			sourceTree = "<group>";
		};
		6BFF72AA2AF8294D00255DDA /* LoginSignup */ = {
			isa = PBXGroup;
			children = (
				6BFF72AB2AF8297100255DDA /* LoginSignupView.swift */,
			);
			path = LoginSignup;
			sourceTree = "<group>";
		};
		6BFF72AD2AF82BDC00255DDA /* Fonts */ = {
			isa = PBXGroup;
			children = (
				6B5F76042AF83FB70082CC4E /* Noto */,
				6B5F75E92AF839910082CC4E /* Archivo */,
			);
			path = Fonts;
			sourceTree = "<group>";
		};
/* End PBXGroup section */

/* Begin PBXNativeTarget section */
		6B73880F2A2FC66E00EBCE7B /* Food@Home */ = {
			isa = PBXNativeTarget;
			buildConfigurationList = 6B7388352A2FC66F00EBCE7B /* Build configuration list for PBXNativeTarget "Food@Home" */;
			buildPhases = (
				6B73880C2A2FC66E00EBCE7B /* Sources */,
				6B73880D2A2FC66E00EBCE7B /* Frameworks */,
				6B73880E2A2FC66E00EBCE7B /* Resources */,
			);
			buildRules = (
			);
			dependencies = (
			);
			name = "Food@Home";
			packageProductDependencies = (
				6B737B062B5A2DFB00468581 /* WaterfallGrid */,
			);
			productName = "Food@Home";
			productReference = 6B7388102A2FC66E00EBCE7B /* Food@Home.app */;
			productType = "com.apple.product-type.application";
		};
		6B7388202A2FC66F00EBCE7B /* Food@HomeTests */ = {
			isa = PBXNativeTarget;
			buildConfigurationList = 6B7388382A2FC66F00EBCE7B /* Build configuration list for PBXNativeTarget "Food@HomeTests" */;
			buildPhases = (
				6B73881D2A2FC66F00EBCE7B /* Sources */,
				6B73881E2A2FC66F00EBCE7B /* Frameworks */,
				6B73881F2A2FC66F00EBCE7B /* Resources */,
			);
			buildRules = (
			);
			dependencies = (
				6B7388232A2FC66F00EBCE7B /* PBXTargetDependency */,
			);
			name = "Food@HomeTests";
			productName = "Food@HomeTests";
			productReference = 6B7388212A2FC66F00EBCE7B /* Food@HomeTests.xctest */;
			productType = "com.apple.product-type.bundle.unit-test";
		};
		6B73882A2A2FC66F00EBCE7B /* Food@HomeUITests */ = {
			isa = PBXNativeTarget;
			buildConfigurationList = 6B73883B2A2FC66F00EBCE7B /* Build configuration list for PBXNativeTarget "Food@HomeUITests" */;
			buildPhases = (
				6B7388272A2FC66F00EBCE7B /* Sources */,
				6B7388282A2FC66F00EBCE7B /* Frameworks */,
				6B7388292A2FC66F00EBCE7B /* Resources */,
			);
			buildRules = (
			);
			dependencies = (
				6B73882D2A2FC66F00EBCE7B /* PBXTargetDependency */,
			);
			name = "Food@HomeUITests";
			productName = "Food@HomeUITests";
			productReference = 6B73882B2A2FC66F00EBCE7B /* Food@HomeUITests.xctest */;
			productType = "com.apple.product-type.bundle.ui-testing";
		};
/* End PBXNativeTarget section */

/* Begin PBXProject section */
		6B7388082A2FC66E00EBCE7B /* Project object */ = {
			isa = PBXProject;
			attributes = {
				BuildIndependentTargetsInParallel = 1;
				LastSwiftUpdateCheck = 1430;
				LastUpgradeCheck = 1430;
				TargetAttributes = {
					6B73880F2A2FC66E00EBCE7B = {
						CreatedOnToolsVersion = 14.3;
					};
					6B7388202A2FC66F00EBCE7B = {
						CreatedOnToolsVersion = 14.3;
						TestTargetID = 6B73880F2A2FC66E00EBCE7B;
					};
					6B73882A2A2FC66F00EBCE7B = {
						CreatedOnToolsVersion = 14.3;
						TestTargetID = 6B73880F2A2FC66E00EBCE7B;
					};
				};
			};
			buildConfigurationList = 6B73880B2A2FC66E00EBCE7B /* Build configuration list for PBXProject "Food@Home" */;
			compatibilityVersion = "Xcode 14.0";
			developmentRegion = en;
			hasScannedForEncodings = 0;
			knownRegions = (
				en,
				Base,
			);
			mainGroup = 6B7388072A2FC66E00EBCE7B;
			packageReferences = (
				6B737B052B5A2DFB00468581 /* XCRemoteSwiftPackageReference "WaterfallGrid" */,
			);
			productRefGroup = 6B7388112A2FC66E00EBCE7B /* Products */;
			projectDirPath = "";
			projectRoot = "";
			targets = (
				6B73880F2A2FC66E00EBCE7B /* Food@Home */,
				6B7388202A2FC66F00EBCE7B /* Food@HomeTests */,
				6B73882A2A2FC66F00EBCE7B /* Food@HomeUITests */,
			);
		};
/* End PBXProject section */

/* Begin PBXResourcesBuildPhase section */
		6B73880E2A2FC66E00EBCE7B /* Resources */ = {
			isa = PBXResourcesBuildPhase;
			buildActionMask = 2147483647;
			files = (
				6B73881C2A2FC66F00EBCE7B /* Preview Assets.xcassets in Resources */,
				6B5F76052AF83FB80082CC4E /* Noto in Resources */,
				6B7388182A2FC66F00EBCE7B /* Assets.xcassets in Resources */,
				6B8877BF2ADC49B2002B9CDB /* SearchRecipeDetailsTestInfo.json in Resources */,
				6B8877BC2ADB009A002B9CDB /* SearchRecipeTestInfo.json in Resources */,
			);
			runOnlyForDeploymentPostprocessing = 0;
		};
		6B73881F2A2FC66F00EBCE7B /* Resources */ = {
			isa = PBXResourcesBuildPhase;
			buildActionMask = 2147483647;
			files = (
			);
			runOnlyForDeploymentPostprocessing = 0;
		};
		6B7388292A2FC66F00EBCE7B /* Resources */ = {
			isa = PBXResourcesBuildPhase;
			buildActionMask = 2147483647;
			files = (
			);
			runOnlyForDeploymentPostprocessing = 0;
		};
/* End PBXResourcesBuildPhase section */

/* Begin PBXSourcesBuildPhase section */
		6B73880C2A2FC66E00EBCE7B /* Sources */ = {
			isa = PBXSourcesBuildPhase;
			buildActionMask = 2147483647;
			files = (
				1E484FC02B608D4C008360A2 /* ToggleListItem.swift in Sources */,
				6B7388472A2FDE6300EBCE7B /* View.swift in Sources */,
				6B75CE3B2B1A995B00323037 /* SmallRecipeDisplay.swift in Sources */,
				6B5F760C2AF9AEFF0082CC4E /* TextInputModifier.swift in Sources */,
				1E6DF6282B6DBED500C5D74B /* NavigationStackViewModifier.swift in Sources */,
				6B8877AC2AD5E11B002B9CDB /* ShortRecipeThumbnail.swift in Sources */,
				6BFF72AC2AF8297100255DDA /* LoginSignupView.swift in Sources */,
				6B5F76292B1925730082CC4E /* HomeView.swift in Sources */,
				6B5F76302B1929420082CC4E /* dateBubble.swift in Sources */,
				6B5F76082AF842A60082CC4E /* Logo.swift in Sources */,
				6BCE75962B488DFB005BCF42 /* LongRecipeThumbnail.swift in Sources */,
				1E484FC22B616EF3008360A2 /* CuisineFilter.swift in Sources */,
				6B75CE542B2BA29100323037 /* dateLineup.swift in Sources */,
				6BEB95132ACF0CED0006B0E8 /* MenuViewModel.swift in Sources */,
				6B8877D92AE0C87D002B9CDB /* PersistenceController.swift in Sources */,
				6BCE75A42B4E63E4005BCF42 /* groceryList.swift in Sources */,
				6BCE759E2B4DC525005BCF42 /* ListToggle.swift in Sources */,
				6B7388542A30F6A600EBCE7B /* Color.swift in Sources */,
				1EB43ADC2B6D545E005D0886 /* LargeRecipeDisplay.swift in Sources */,
				6B5F760A2AF84D6C0082CC4E /* ButtonViewModifiers.swift in Sources */,
				6BEB95112ACF0C690006B0E8 /* MenuView.swift in Sources */,
				6B8877B12AD7373C002B9CDB /* RecipeDetailsView.swift in Sources */,
				1EB43AE22B6D6C4E005D0886 /* RecipeDisplayViewModel.swift in Sources */,
				6B75CE3E2B1ACE1E00323037 /* MealScheduler.swift in Sources */,
				1E484FD72B66BD10008360A2 /* ResourceOptionView.swift in Sources */,
				6B8877DC2AE0CDBF002B9CDB /* CoreDataModel.xcdatamodeld in Sources */,
				6B7388142A2FC66E00EBCE7B /* Food_HomeApp.swift in Sources */,
				1E484FCF2B65CBCC008360A2 /* SavedRecipesView.swift in Sources */,
				1E484FBE2B608B42008360A2 /* DietaryNeedFilter.swift in Sources */,
				6B8877E72AE0D1E3002B9CDB /* FoodItem+CoreDataClass.swift in Sources */,
				6BFF72A12AE8299C00255DDA /* ProfileView.swift in Sources */,
				6BFD5B942B5A1EEB00834FA7 /* ReadyInFilter.swift in Sources */,
				1E6DF62D2B6DE9DD00C5D74B /* GuideTemplate.swift in Sources */,
				6BFD5B8F2B572A1E00834FA7 /* kitchenList.swift in Sources */,
				6BA601142A38EB5C00F1D335 /* Transition.swift in Sources */,
				1EB43AE02B6D6C1B005D0886 /* RecipeDisplayModel.swift in Sources */,
				6BFD5B8D2B4F33ED00834FA7 /* ProvisionsModel.swift in Sources */,
				6BCC0EBF2B5DE8F7006369C1 /* FilterSearchOption.swift in Sources */,
				6BCE759B2B4DC068005BCF42 /* ProvisionsViewModel.swift in Sources */,
				1E484FD22B65CC8C008360A2 /* ResourcesView.swift in Sources */,
				6B5F762B2B19257D0082CC4E /* HomeViewModel.swift in Sources */,
				6B7388402A2FD63F00EBCE7B /* Font.swift in Sources */,
				6B8877B32AD7375B002B9CDB /* RecipeDetailsViewModel.swift in Sources */,
				1E484FC92B65C654008360A2 /* IntolerancesFilter.swift in Sources */,
				1E484FC52B65C2E4008360A2 /* FoodProfileView.swift in Sources */,
				6B8877C42ADC6463002B9CDB /* SearchRecipes.swift in Sources */,
				6B9140012B34D4580095D80C /* TrashDragLabel.swift in Sources */,
				6BEB950E2ACDE94D0006B0E8 /* NavView.swift in Sources */,
				6BCE75932B47C93A005BCF42 /* WeekReviewView.swift in Sources */,
				6BCE75A02B4E5E41005BCF42 /* UniversalFunctions.swift in Sources */,
				1E484FDE2B697536008360A2 /* PreferencesFunctions.swift in Sources */,
				6B5F762D2B1928DA0082CC4E /* Headers.swift in Sources */,
				6B7388492A2FE29500EBCE7B /* UIScreen.swift in Sources */,
				6B75CE462B20F5E100323037 /* TimeSelector.swift in Sources */,
				6B7388522A30F66C00EBCE7B /* Constants.swift in Sources */,
				6B75CE402B1AD47D00323037 /* SeparatorLine.swift in Sources */,
				6BCC0EC12B5DEA88006369C1 /* IncludeExcludeFilter.swift in Sources */,
				1E484FC72B65C592008360A2 /* FoodProfileOption.swift in Sources */,
				6BFD5B872B4F261E00834FA7 /* FoodItem+CoreDataProperties.swift in Sources */,
				6BFD5B892B4F265000834FA7 /* FoodItem+CoreDataProperties.swift in Sources */,
				6BFD5B912B59D69200834FA7 /* FilterSearch.swift in Sources */,
				6BCE75A22B4E6331005BCF42 /* myKitchenItem.swift in Sources */,
				6B8877AA2AD5D57F002B9CDB /* SearchRecipesModel.swift in Sources */,
				1E6DF6302B6DF41F00C5D74B /* ArticleInformation.swift in Sources */,
				6B1811232B3240EB00D81FAB /* homeMealSection.swift in Sources */,
				6BCC0EC42B5DEE8D006369C1 /* addItemInput.swift in Sources */,
				1E484FCB2B65C9DF008360A2 /* ProfileOption.swift in Sources */,
				1E484FD42B66B860008360A2 /* PreferencesView.swift in Sources */,
				6BCE75992B4DC046005BCF42 /* ProvisionsView.swift in Sources */,
				6B8877AF2AD72044002B9CDB /* GetRecipeInformationModel.swift in Sources */,
			);
			runOnlyForDeploymentPostprocessing = 0;
		};
		6B73881D2A2FC66F00EBCE7B /* Sources */ = {
			isa = PBXSourcesBuildPhase;
			buildActionMask = 2147483647;
			files = (
				6B7388262A2FC66F00EBCE7B /* Food_HomeTests.swift in Sources */,
			);
			runOnlyForDeploymentPostprocessing = 0;
		};
		6B7388272A2FC66F00EBCE7B /* Sources */ = {
			isa = PBXSourcesBuildPhase;
			buildActionMask = 2147483647;
			files = (
				6B7388302A2FC66F00EBCE7B /* Food_HomeUITests.swift in Sources */,
				6B7388322A2FC66F00EBCE7B /* Food_HomeUITestsLaunchTests.swift in Sources */,
			);
			runOnlyForDeploymentPostprocessing = 0;
		};
/* End PBXSourcesBuildPhase section */

/* Begin PBXTargetDependency section */
		6B7388232A2FC66F00EBCE7B /* PBXTargetDependency */ = {
			isa = PBXTargetDependency;
			target = 6B73880F2A2FC66E00EBCE7B /* Food@Home */;
			targetProxy = 6B7388222A2FC66F00EBCE7B /* PBXContainerItemProxy */;
		};
		6B73882D2A2FC66F00EBCE7B /* PBXTargetDependency */ = {
			isa = PBXTargetDependency;
			target = 6B73880F2A2FC66E00EBCE7B /* Food@Home */;
			targetProxy = 6B73882C2A2FC66F00EBCE7B /* PBXContainerItemProxy */;
		};
/* End PBXTargetDependency section */

/* Begin PBXVariantGroup section */
		6B5F75FD2AF83B8F0082CC4E /* Archivo-Regular.ttf */ = {
			isa = PBXVariantGroup;
			children = (
				6B5F75FC2AF83B8F0082CC4E /* Base */,
			);
			name = "Archivo-Regular.ttf";
			sourceTree = "<group>";
		};
/* End PBXVariantGroup section */

/* Begin XCBuildConfiguration section */
		6B7388332A2FC66F00EBCE7B /* Debug */ = {
			isa = XCBuildConfiguration;
			baseConfigurationReference = 6B8877B72ADAF8E0002B9CDB /* Config.xcconfig */;
			buildSettings = {
				ALWAYS_SEARCH_USER_PATHS = NO;
				CLANG_ANALYZER_NONNULL = YES;
				CLANG_ANALYZER_NUMBER_OBJECT_CONVERSION = YES_AGGRESSIVE;
				CLANG_CXX_LANGUAGE_STANDARD = "gnu++20";
				CLANG_ENABLE_MODULES = YES;
				CLANG_ENABLE_OBJC_ARC = YES;
				CLANG_ENABLE_OBJC_WEAK = YES;
				CLANG_WARN_BLOCK_CAPTURE_AUTORELEASING = YES;
				CLANG_WARN_BOOL_CONVERSION = YES;
				CLANG_WARN_COMMA = YES;
				CLANG_WARN_CONSTANT_CONVERSION = YES;
				CLANG_WARN_DEPRECATED_OBJC_IMPLEMENTATIONS = YES;
				CLANG_WARN_DIRECT_OBJC_ISA_USAGE = YES_ERROR;
				CLANG_WARN_DOCUMENTATION_COMMENTS = YES;
				CLANG_WARN_EMPTY_BODY = YES;
				CLANG_WARN_ENUM_CONVERSION = YES;
				CLANG_WARN_INFINITE_RECURSION = YES;
				CLANG_WARN_INT_CONVERSION = YES;
				CLANG_WARN_NON_LITERAL_NULL_CONVERSION = YES;
				CLANG_WARN_OBJC_IMPLICIT_RETAIN_SELF = YES;
				CLANG_WARN_OBJC_LITERAL_CONVERSION = YES;
				CLANG_WARN_OBJC_ROOT_CLASS = YES_ERROR;
				CLANG_WARN_QUOTED_INCLUDE_IN_FRAMEWORK_HEADER = YES;
				CLANG_WARN_RANGE_LOOP_ANALYSIS = YES;
				CLANG_WARN_STRICT_PROTOTYPES = YES;
				CLANG_WARN_SUSPICIOUS_MOVE = YES;
				CLANG_WARN_UNGUARDED_AVAILABILITY = YES_AGGRESSIVE;
				CLANG_WARN_UNREACHABLE_CODE = YES;
				CLANG_WARN__DUPLICATE_METHOD_MATCH = YES;
				COPY_PHASE_STRIP = NO;
				DEBUG_INFORMATION_FORMAT = dwarf;
				ENABLE_STRICT_OBJC_MSGSEND = YES;
				ENABLE_TESTABILITY = YES;
				GCC_C_LANGUAGE_STANDARD = gnu11;
				GCC_DYNAMIC_NO_PIC = NO;
				GCC_NO_COMMON_BLOCKS = YES;
				GCC_OPTIMIZATION_LEVEL = 0;
				GCC_PREPROCESSOR_DEFINITIONS = (
					"DEBUG=1",
					"$(inherited)",
				);
				GCC_WARN_64_TO_32_BIT_CONVERSION = YES;
				GCC_WARN_ABOUT_RETURN_TYPE = YES_ERROR;
				GCC_WARN_UNDECLARED_SELECTOR = YES;
				GCC_WARN_UNINITIALIZED_AUTOS = YES_AGGRESSIVE;
				GCC_WARN_UNUSED_FUNCTION = YES;
				GCC_WARN_UNUSED_VARIABLE = YES;
				MTL_ENABLE_DEBUG_INFO = INCLUDE_SOURCE;
				MTL_FAST_MATH = YES;
				ONLY_ACTIVE_ARCH = YES;
				SWIFT_ACTIVE_COMPILATION_CONDITIONS = DEBUG;
				SWIFT_OPTIMIZATION_LEVEL = "-Onone";
			};
			name = Debug;
		};
		6B7388342A2FC66F00EBCE7B /* Release */ = {
			isa = XCBuildConfiguration;
			baseConfigurationReference = 6B8877B72ADAF8E0002B9CDB /* Config.xcconfig */;
			buildSettings = {
				ALWAYS_SEARCH_USER_PATHS = NO;
				CLANG_ANALYZER_NONNULL = YES;
				CLANG_ANALYZER_NUMBER_OBJECT_CONVERSION = YES_AGGRESSIVE;
				CLANG_CXX_LANGUAGE_STANDARD = "gnu++20";
				CLANG_ENABLE_MODULES = YES;
				CLANG_ENABLE_OBJC_ARC = YES;
				CLANG_ENABLE_OBJC_WEAK = YES;
				CLANG_WARN_BLOCK_CAPTURE_AUTORELEASING = YES;
				CLANG_WARN_BOOL_CONVERSION = YES;
				CLANG_WARN_COMMA = YES;
				CLANG_WARN_CONSTANT_CONVERSION = YES;
				CLANG_WARN_DEPRECATED_OBJC_IMPLEMENTATIONS = YES;
				CLANG_WARN_DIRECT_OBJC_ISA_USAGE = YES_ERROR;
				CLANG_WARN_DOCUMENTATION_COMMENTS = YES;
				CLANG_WARN_EMPTY_BODY = YES;
				CLANG_WARN_ENUM_CONVERSION = YES;
				CLANG_WARN_INFINITE_RECURSION = YES;
				CLANG_WARN_INT_CONVERSION = YES;
				CLANG_WARN_NON_LITERAL_NULL_CONVERSION = YES;
				CLANG_WARN_OBJC_IMPLICIT_RETAIN_SELF = YES;
				CLANG_WARN_OBJC_LITERAL_CONVERSION = YES;
				CLANG_WARN_OBJC_ROOT_CLASS = YES_ERROR;
				CLANG_WARN_QUOTED_INCLUDE_IN_FRAMEWORK_HEADER = YES;
				CLANG_WARN_RANGE_LOOP_ANALYSIS = YES;
				CLANG_WARN_STRICT_PROTOTYPES = YES;
				CLANG_WARN_SUSPICIOUS_MOVE = YES;
				CLANG_WARN_UNGUARDED_AVAILABILITY = YES_AGGRESSIVE;
				CLANG_WARN_UNREACHABLE_CODE = YES;
				CLANG_WARN__DUPLICATE_METHOD_MATCH = YES;
				COPY_PHASE_STRIP = NO;
				DEBUG_INFORMATION_FORMAT = "dwarf-with-dsym";
				ENABLE_NS_ASSERTIONS = NO;
				ENABLE_STRICT_OBJC_MSGSEND = YES;
				GCC_C_LANGUAGE_STANDARD = gnu11;
				GCC_NO_COMMON_BLOCKS = YES;
				GCC_WARN_64_TO_32_BIT_CONVERSION = YES;
				GCC_WARN_ABOUT_RETURN_TYPE = YES_ERROR;
				GCC_WARN_UNDECLARED_SELECTOR = YES;
				GCC_WARN_UNINITIALIZED_AUTOS = YES_AGGRESSIVE;
				GCC_WARN_UNUSED_FUNCTION = YES;
				GCC_WARN_UNUSED_VARIABLE = YES;
				MTL_ENABLE_DEBUG_INFO = NO;
				MTL_FAST_MATH = YES;
				SWIFT_COMPILATION_MODE = wholemodule;
				SWIFT_OPTIMIZATION_LEVEL = "-O";
			};
			name = Release;
		};
		6B7388362A2FC66F00EBCE7B /* Debug */ = {
			isa = XCBuildConfiguration;
			buildSettings = {
				ASSETCATALOG_COMPILER_APPICON_NAME = AppIcon;
				ASSETCATALOG_COMPILER_GLOBAL_ACCENT_COLOR_NAME = AccentColor;
				CODE_SIGN_ENTITLEMENTS = "Food@Home/Food_Home.entitlements";
				CODE_SIGN_STYLE = Automatic;
				CURRENT_PROJECT_VERSION = 1;
				DEVELOPMENT_ASSET_PATHS = "\"Food@Home/Preview Content\"";
				DEVELOPMENT_TEAM = F96TJRTX3X;
				ENABLE_HARDENED_RUNTIME = YES;
				ENABLE_PREVIEWS = YES;
				GENERATE_INFOPLIST_FILE = YES;
				INFOPLIST_FILE = "Food-Home-Info.plist";
				"INFOPLIST_KEY_UIApplicationSceneManifest_Generation[sdk=iphoneos*]" = YES;
				"INFOPLIST_KEY_UIApplicationSceneManifest_Generation[sdk=iphonesimulator*]" = YES;
				"INFOPLIST_KEY_UIApplicationSupportsIndirectInputEvents[sdk=iphoneos*]" = YES;
				"INFOPLIST_KEY_UIApplicationSupportsIndirectInputEvents[sdk=iphonesimulator*]" = YES;
				"INFOPLIST_KEY_UILaunchScreen_Generation[sdk=iphoneos*]" = YES;
				"INFOPLIST_KEY_UILaunchScreen_Generation[sdk=iphonesimulator*]" = YES;
				"INFOPLIST_KEY_UIStatusBarStyle[sdk=iphoneos*]" = UIStatusBarStyleDefault;
				"INFOPLIST_KEY_UIStatusBarStyle[sdk=iphonesimulator*]" = UIStatusBarStyleDefault;
				INFOPLIST_KEY_UISupportedInterfaceOrientations_iPad = "UIInterfaceOrientationPortrait UIInterfaceOrientationPortraitUpsideDown UIInterfaceOrientationLandscapeLeft UIInterfaceOrientationLandscapeRight";
				INFOPLIST_KEY_UISupportedInterfaceOrientations_iPhone = "UIInterfaceOrientationPortrait UIInterfaceOrientationLandscapeLeft UIInterfaceOrientationLandscapeRight";
				IPHONEOS_DEPLOYMENT_TARGET = 16.4;
				LD_RUNPATH_SEARCH_PATHS = "@executable_path/Frameworks";
				"LD_RUNPATH_SEARCH_PATHS[sdk=macosx*]" = "@executable_path/../Frameworks";
				MACOSX_DEPLOYMENT_TARGET = 13.3;
				MARKETING_VERSION = 1.0;
				PRODUCT_BUNDLE_IDENTIFIER = "DerekHowes.Food-Home";
				PRODUCT_NAME = "$(TARGET_NAME)";
				SDKROOT = auto;
				SUPPORTED_PLATFORMS = "iphoneos iphonesimulator macosx";
				SWIFT_EMIT_LOC_STRINGS = YES;
				SWIFT_VERSION = 5.0;
				TARGETED_DEVICE_FAMILY = "1,2";
			};
			name = Debug;
		};
		6B7388372A2FC66F00EBCE7B /* Release */ = {
			isa = XCBuildConfiguration;
			buildSettings = {
				ASSETCATALOG_COMPILER_APPICON_NAME = AppIcon;
				ASSETCATALOG_COMPILER_GLOBAL_ACCENT_COLOR_NAME = AccentColor;
				CODE_SIGN_ENTITLEMENTS = "Food@Home/Food_Home.entitlements";
				CODE_SIGN_STYLE = Automatic;
				CURRENT_PROJECT_VERSION = 1;
				DEVELOPMENT_ASSET_PATHS = "\"Food@Home/Preview Content\"";
				DEVELOPMENT_TEAM = F96TJRTX3X;
				ENABLE_HARDENED_RUNTIME = YES;
				ENABLE_PREVIEWS = YES;
				GENERATE_INFOPLIST_FILE = YES;
				INFOPLIST_FILE = "Food-Home-Info.plist";
				"INFOPLIST_KEY_UIApplicationSceneManifest_Generation[sdk=iphoneos*]" = YES;
				"INFOPLIST_KEY_UIApplicationSceneManifest_Generation[sdk=iphonesimulator*]" = YES;
				"INFOPLIST_KEY_UIApplicationSupportsIndirectInputEvents[sdk=iphoneos*]" = YES;
				"INFOPLIST_KEY_UIApplicationSupportsIndirectInputEvents[sdk=iphonesimulator*]" = YES;
				"INFOPLIST_KEY_UILaunchScreen_Generation[sdk=iphoneos*]" = YES;
				"INFOPLIST_KEY_UILaunchScreen_Generation[sdk=iphonesimulator*]" = YES;
				"INFOPLIST_KEY_UIStatusBarStyle[sdk=iphoneos*]" = UIStatusBarStyleDefault;
				"INFOPLIST_KEY_UIStatusBarStyle[sdk=iphonesimulator*]" = UIStatusBarStyleDefault;
				INFOPLIST_KEY_UISupportedInterfaceOrientations_iPad = "UIInterfaceOrientationPortrait UIInterfaceOrientationPortraitUpsideDown UIInterfaceOrientationLandscapeLeft UIInterfaceOrientationLandscapeRight";
				INFOPLIST_KEY_UISupportedInterfaceOrientations_iPhone = "UIInterfaceOrientationPortrait UIInterfaceOrientationLandscapeLeft UIInterfaceOrientationLandscapeRight";
				IPHONEOS_DEPLOYMENT_TARGET = 16.4;
				LD_RUNPATH_SEARCH_PATHS = "@executable_path/Frameworks";
				"LD_RUNPATH_SEARCH_PATHS[sdk=macosx*]" = "@executable_path/../Frameworks";
				MACOSX_DEPLOYMENT_TARGET = 13.3;
				MARKETING_VERSION = 1.0;
				PRODUCT_BUNDLE_IDENTIFIER = "DerekHowes.Food-Home";
				PRODUCT_NAME = "$(TARGET_NAME)";
				SDKROOT = auto;
				SUPPORTED_PLATFORMS = "iphoneos iphonesimulator macosx";
				SWIFT_EMIT_LOC_STRINGS = YES;
				SWIFT_VERSION = 5.0;
				TARGETED_DEVICE_FAMILY = "1,2";
			};
			name = Release;
		};
		6B7388392A2FC66F00EBCE7B /* Debug */ = {
			isa = XCBuildConfiguration;
			buildSettings = {
				ALWAYS_EMBED_SWIFT_STANDARD_LIBRARIES = YES;
				BUNDLE_LOADER = "$(TEST_HOST)";
				CODE_SIGN_STYLE = Automatic;
				CURRENT_PROJECT_VERSION = 1;
				DEVELOPMENT_TEAM = F96TJRTX3X;
				GENERATE_INFOPLIST_FILE = YES;
				IPHONEOS_DEPLOYMENT_TARGET = 16.4;
				MACOSX_DEPLOYMENT_TARGET = 13.3;
				MARKETING_VERSION = 1.0;
				PRODUCT_BUNDLE_IDENTIFIER = "DerekHowes.Food-HomeTests";
				PRODUCT_NAME = "$(TARGET_NAME)";
				SDKROOT = auto;
				SUPPORTED_PLATFORMS = "iphoneos iphonesimulator macosx";
				SWIFT_EMIT_LOC_STRINGS = NO;
				SWIFT_VERSION = 5.0;
				TARGETED_DEVICE_FAMILY = "1,2";
				TEST_HOST = "$(BUILT_PRODUCTS_DIR)/Food@Home.app/$(BUNDLE_EXECUTABLE_FOLDER_PATH)/Food@Home";
			};
			name = Debug;
		};
		6B73883A2A2FC66F00EBCE7B /* Release */ = {
			isa = XCBuildConfiguration;
			buildSettings = {
				ALWAYS_EMBED_SWIFT_STANDARD_LIBRARIES = YES;
				BUNDLE_LOADER = "$(TEST_HOST)";
				CODE_SIGN_STYLE = Automatic;
				CURRENT_PROJECT_VERSION = 1;
				DEVELOPMENT_TEAM = F96TJRTX3X;
				GENERATE_INFOPLIST_FILE = YES;
				IPHONEOS_DEPLOYMENT_TARGET = 16.4;
				MACOSX_DEPLOYMENT_TARGET = 13.3;
				MARKETING_VERSION = 1.0;
				PRODUCT_BUNDLE_IDENTIFIER = "DerekHowes.Food-HomeTests";
				PRODUCT_NAME = "$(TARGET_NAME)";
				SDKROOT = auto;
				SUPPORTED_PLATFORMS = "iphoneos iphonesimulator macosx";
				SWIFT_EMIT_LOC_STRINGS = NO;
				SWIFT_VERSION = 5.0;
				TARGETED_DEVICE_FAMILY = "1,2";
				TEST_HOST = "$(BUILT_PRODUCTS_DIR)/Food@Home.app/$(BUNDLE_EXECUTABLE_FOLDER_PATH)/Food@Home";
			};
			name = Release;
		};
		6B73883C2A2FC66F00EBCE7B /* Debug */ = {
			isa = XCBuildConfiguration;
			buildSettings = {
				ALWAYS_EMBED_SWIFT_STANDARD_LIBRARIES = YES;
				CODE_SIGN_STYLE = Automatic;
				CURRENT_PROJECT_VERSION = 1;
				DEVELOPMENT_TEAM = F96TJRTX3X;
				GENERATE_INFOPLIST_FILE = YES;
				IPHONEOS_DEPLOYMENT_TARGET = 16.4;
				MACOSX_DEPLOYMENT_TARGET = 13.3;
				MARKETING_VERSION = 1.0;
				PRODUCT_BUNDLE_IDENTIFIER = "DerekHowes.Food-HomeUITests";
				PRODUCT_NAME = "$(TARGET_NAME)";
				SDKROOT = auto;
				SUPPORTED_PLATFORMS = "iphoneos iphonesimulator macosx";
				SWIFT_EMIT_LOC_STRINGS = NO;
				SWIFT_VERSION = 5.0;
				TARGETED_DEVICE_FAMILY = "1,2";
				TEST_TARGET_NAME = "Food@Home";
			};
			name = Debug;
		};
		6B73883D2A2FC66F00EBCE7B /* Release */ = {
			isa = XCBuildConfiguration;
			buildSettings = {
				ALWAYS_EMBED_SWIFT_STANDARD_LIBRARIES = YES;
				CODE_SIGN_STYLE = Automatic;
				CURRENT_PROJECT_VERSION = 1;
				DEVELOPMENT_TEAM = F96TJRTX3X;
				GENERATE_INFOPLIST_FILE = YES;
				IPHONEOS_DEPLOYMENT_TARGET = 16.4;
				MACOSX_DEPLOYMENT_TARGET = 13.3;
				MARKETING_VERSION = 1.0;
				PRODUCT_BUNDLE_IDENTIFIER = "DerekHowes.Food-HomeUITests";
				PRODUCT_NAME = "$(TARGET_NAME)";
				SDKROOT = auto;
				SUPPORTED_PLATFORMS = "iphoneos iphonesimulator macosx";
				SWIFT_EMIT_LOC_STRINGS = NO;
				SWIFT_VERSION = 5.0;
				TARGETED_DEVICE_FAMILY = "1,2";
				TEST_TARGET_NAME = "Food@Home";
			};
			name = Release;
		};
/* End XCBuildConfiguration section */

/* Begin XCConfigurationList section */
		6B73880B2A2FC66E00EBCE7B /* Build configuration list for PBXProject "Food@Home" */ = {
			isa = XCConfigurationList;
			buildConfigurations = (
				6B7388332A2FC66F00EBCE7B /* Debug */,
				6B7388342A2FC66F00EBCE7B /* Release */,
			);
			defaultConfigurationIsVisible = 0;
			defaultConfigurationName = Release;
		};
		6B7388352A2FC66F00EBCE7B /* Build configuration list for PBXNativeTarget "Food@Home" */ = {
			isa = XCConfigurationList;
			buildConfigurations = (
				6B7388362A2FC66F00EBCE7B /* Debug */,
				6B7388372A2FC66F00EBCE7B /* Release */,
			);
			defaultConfigurationIsVisible = 0;
			defaultConfigurationName = Release;
		};
		6B7388382A2FC66F00EBCE7B /* Build configuration list for PBXNativeTarget "Food@HomeTests" */ = {
			isa = XCConfigurationList;
			buildConfigurations = (
				6B7388392A2FC66F00EBCE7B /* Debug */,
				6B73883A2A2FC66F00EBCE7B /* Release */,
			);
			defaultConfigurationIsVisible = 0;
			defaultConfigurationName = Release;
		};
		6B73883B2A2FC66F00EBCE7B /* Build configuration list for PBXNativeTarget "Food@HomeUITests" */ = {
			isa = XCConfigurationList;
			buildConfigurations = (
				6B73883C2A2FC66F00EBCE7B /* Debug */,
				6B73883D2A2FC66F00EBCE7B /* Release */,
			);
			defaultConfigurationIsVisible = 0;
			defaultConfigurationName = Release;
		};
/* End XCConfigurationList section */

/* Begin XCRemoteSwiftPackageReference section */
		6B737B052B5A2DFB00468581 /* XCRemoteSwiftPackageReference "WaterfallGrid" */ = {
			isa = XCRemoteSwiftPackageReference;
			repositoryURL = "https://github.com/paololeonardi/WaterfallGrid.git";
			requirement = {
				kind = upToNextMajorVersion;
				minimumVersion = 1.0.1;
			};
		};
/* End XCRemoteSwiftPackageReference section */

/* Begin XCSwiftPackageProductDependency section */
		6B737B062B5A2DFB00468581 /* WaterfallGrid */ = {
			isa = XCSwiftPackageProductDependency;
			package = 6B737B052B5A2DFB00468581 /* XCRemoteSwiftPackageReference "WaterfallGrid" */;
			productName = WaterfallGrid;
		};
/* End XCSwiftPackageProductDependency section */

/* Begin XCVersionGroup section */
		6B8877DA2AE0CDBF002B9CDB /* CoreDataModel.xcdatamodeld */ = {
			isa = XCVersionGroup;
			children = (
				6B8877DB2AE0CDBF002B9CDB /* CoreDataModel.xcdatamodel */,
			);
			currentVersion = 6B8877DB2AE0CDBF002B9CDB /* CoreDataModel.xcdatamodel */;
			path = CoreDataModel.xcdatamodeld;
			sourceTree = "<group>";
			versionGroupType = wrapper.xcdatamodel;
		};
/* End XCVersionGroup section */
	};
	rootObject = 6B7388082A2FC66E00EBCE7B /* Project object */;
}
